// !$*UTF8*$!
{
	archiveVersion = 1;
	classes = {
	};
	objectVersion = 60;
	objects = {

/* Begin PBXBuildFile section */
		BF2317EE2CD3BC9F00A94ABA /* SinkStream.swift in Sources */ = {isa = PBXBuildFile; fileRef = BF2317ED2CD3BC9F00A94ABA /* SinkStream.swift */; };
		BF2317F02CD5014500A94ABA /* SinkDevice.swift in Sources */ = {isa = PBXBuildFile; fileRef = BF2317EF2CD5014500A94ABA /* SinkDevice.swift */; };
		BF2317F42CD505CD00A94ABA /* SinkStreamPusher.swift in Sources */ = {isa = PBXBuildFile; fileRef = BF2317F32CD505CD00A94ABA /* SinkStreamPusher.swift */; };
		BF2317F52CD5579F00A94ABA /* FrameSource.swift in Sources */ = {isa = PBXBuildFile; fileRef = BF76118D2CBC0AAB00EB4BE1 /* FrameSource.swift */; };
		BF76118E2CBC0AAB00EB4BE1 /* FrameSource.swift in Sources */ = {isa = PBXBuildFile; fileRef = BF76118D2CBC0AAB00EB4BE1 /* FrameSource.swift */; };
		BF7611922CBD69AD00EB4BE1 /* KinectDevice.swift in Sources */ = {isa = PBXBuildFile; fileRef = BF7611912CBD69AD00EB4BE1 /* KinectDevice.swift */; };
		BF7CEF7E2CB6CB9D00A20F77 /* RuntimeError.swift in Sources */ = {isa = PBXBuildFile; fileRef = BF7CEF7D2CB6CB9D00A20F77 /* RuntimeError.swift */; };
		BF7CEF832CB7DA4C00A20F77 /* ExtensionManager.swift in Sources */ = {isa = PBXBuildFile; fileRef = BF7CEF822CB7DA4C00A20F77 /* ExtensionManager.swift */; };
		BF7CEF852CB7DB7900A20F77 /* AppView.swift in Sources */ = {isa = PBXBuildFile; fileRef = BF7CEF842CB7DB7900A20F77 /* AppView.swift */; };
		BF8474CE2CB7F97400016574 /* RuntimeError.swift in Sources */ = {isa = PBXBuildFile; fileRef = BF7CEF7D2CB6CB9D00A20F77 /* RuntimeError.swift */; };
		BFDA39AA2CC57F58003C8172 /* PopCameraDevice in Frameworks */ = {isa = PBXBuildFile; productRef = BFDA39A92CC57F58003C8172 /* PopCameraDevice */; };
		BFDA39AC2CC5A088003C8172 /* PopCameraDevice in Frameworks */ = {isa = PBXBuildFile; productRef = BFDA39AB2CC5A088003C8172 /* PopCameraDevice */; };
		BFDA39AF2CC5A6CA003C8172 /* Assets.xcassets in Resources */ = {isa = PBXBuildFile; fileRef = F990A86C286F664500159819 /* Assets.xcassets */; };
		BFDA39B12CC5B620003C8172 /* KinectStream.swift in Sources */ = {isa = PBXBuildFile; fileRef = BFDA39B02CC5B620003C8172 /* KinectStream.swift */; };
		BFDA39B32CC67666003C8172 /* PopCameraDeviceFrameSource.swift in Sources */ = {isa = PBXBuildFile; fileRef = BFDA39B22CC67666003C8172 /* PopCameraDeviceFrameSource.swift */; };
		F990A869286F663F00159819 /* AppDelegate.swift in Sources */ = {isa = PBXBuildFile; fileRef = F990A868286F663F00159819 /* AppDelegate.swift */; };
		F990A86D286F664500159819 /* Assets.xcassets in Resources */ = {isa = PBXBuildFile; fileRef = F990A86C286F664500159819 /* Assets.xcassets */; };
		F990A87E286F666500159819 /* KinectCameraProviderSource.swift in Sources */ = {isa = PBXBuildFile; fileRef = F990A87D286F666500159819 /* KinectCameraProviderSource.swift */; };
		F990A880286F666500159819 /* main.swift in Sources */ = {isa = PBXBuildFile; fileRef = F990A87F286F666500159819 /* main.swift */; };
		F990A885286F666500159819 /* com.newchromantics.PopKinectWebcam.cameraextension.systemextension in Embed System Extensions */ = {isa = PBXBuildFile; fileRef = F990A87B286F666500159819 /* com.newchromantics.PopKinectWebcam.cameraextension.systemextension */; settings = {ATTRIBUTES = (RemoveHeadersOnCopy, ); }; };
/* End PBXBuildFile section */

/* Begin PBXContainerItemProxy section */
		F990A883286F666500159819 /* PBXContainerItemProxy */ = {
			isa = PBXContainerItemProxy;
			containerPortal = F990A85D286F663F00159819 /* Project object */;
			proxyType = 1;
			remoteGlobalIDString = F990A87A286F666500159819;
			remoteInfo = cameraextension;
		};
/* End PBXContainerItemProxy section */

/* Begin PBXCopyFilesBuildPhase section */
		BF38C5912CBD76850088CDA3 /* Embed Frameworks */ = {
			isa = PBXCopyFilesBuildPhase;
			buildActionMask = 2147483647;
			dstPath = "";
			dstSubfolderSpec = 10;
			files = (
			);
			name = "Embed Frameworks";
			runOnlyForDeploymentPostprocessing = 0;
		};
		F990A889286F666500159819 /* Embed System Extensions */ = {
			isa = PBXCopyFilesBuildPhase;
			buildActionMask = 2147483647;
			dstPath = "$(SYSTEM_EXTENSIONS_FOLDER_PATH)";
			dstSubfolderSpec = 16;
			files = (
				F990A885286F666500159819 /* com.newchromantics.PopKinectWebcam.cameraextension.systemextension in Embed System Extensions */,
			);
			name = "Embed System Extensions";
			runOnlyForDeploymentPostprocessing = 0;
		};
/* End PBXCopyFilesBuildPhase section */

/* Begin PBXFileReference section */
		BF2317ED2CD3BC9F00A94ABA /* SinkStream.swift */ = {isa = PBXFileReference; lastKnownFileType = sourcecode.swift; path = SinkStream.swift; sourceTree = "<group>"; };
		BF2317EF2CD5014500A94ABA /* SinkDevice.swift */ = {isa = PBXFileReference; lastKnownFileType = sourcecode.swift; path = SinkDevice.swift; sourceTree = "<group>"; };
		BF2317F32CD505CD00A94ABA /* SinkStreamPusher.swift */ = {isa = PBXFileReference; lastKnownFileType = sourcecode.swift; path = SinkStreamPusher.swift; sourceTree = "<group>"; };
		BF3311E42CB6A39400D3936A /* Readme.md */ = {isa = PBXFileReference; lastKnownFileType = net.daringfireball.markdown; path = Readme.md; sourceTree = "<group>"; };
		BF76118D2CBC0AAB00EB4BE1 /* FrameSource.swift */ = {isa = PBXFileReference; lastKnownFileType = sourcecode.swift; path = FrameSource.swift; sourceTree = "<group>"; };
		BF76118F2CBD235000EB4BE1 /* index.html */ = {isa = PBXFileReference; lastKnownFileType = text.html; path = index.html; sourceTree = "<group>"; };
		BF7611912CBD69AD00EB4BE1 /* KinectDevice.swift */ = {isa = PBXFileReference; lastKnownFileType = sourcecode.swift; path = KinectDevice.swift; sourceTree = "<group>"; };
		BF7CEF792CB6C66A00A20F77 /* Version.xcconfig */ = {isa = PBXFileReference; lastKnownFileType = text.xcconfig; path = Version.xcconfig; sourceTree = "<group>"; };
		BF7CEF7B2CB6C72B00A20F77 /* App.xcconfig */ = {isa = PBXFileReference; lastKnownFileType = text.xcconfig; path = App.xcconfig; sourceTree = "<group>"; };
		BF7CEF7C2CB6C72B00A20F77 /* CameraExtension.xcconfig */ = {isa = PBXFileReference; lastKnownFileType = text.xcconfig; path = CameraExtension.xcconfig; sourceTree = "<group>"; };
		BF7CEF7D2CB6CB9D00A20F77 /* RuntimeError.swift */ = {isa = PBXFileReference; lastKnownFileType = sourcecode.swift; path = RuntimeError.swift; sourceTree = "<group>"; };
		BF7CEF822CB7DA4C00A20F77 /* ExtensionManager.swift */ = {isa = PBXFileReference; lastKnownFileType = sourcecode.swift; path = ExtensionManager.swift; sourceTree = "<group>"; };
		BF7CEF842CB7DB7900A20F77 /* AppView.swift */ = {isa = PBXFileReference; lastKnownFileType = sourcecode.swift; path = AppView.swift; sourceTree = "<group>"; };
		BFDA39B02CC5B620003C8172 /* KinectStream.swift */ = {isa = PBXFileReference; lastKnownFileType = sourcecode.swift; path = KinectStream.swift; sourceTree = "<group>"; };
		BFDA39B22CC67666003C8172 /* PopCameraDeviceFrameSource.swift */ = {isa = PBXFileReference; lastKnownFileType = sourcecode.swift; path = PopCameraDeviceFrameSource.swift; sourceTree = "<group>"; };
		F990A865286F663F00159819 /* PopKinectWebcam.app */ = {isa = PBXFileReference; explicitFileType = wrapper.application; includeInIndex = 0; path = PopKinectWebcam.app; sourceTree = BUILT_PRODUCTS_DIR; };
		F990A868286F663F00159819 /* AppDelegate.swift */ = {isa = PBXFileReference; lastKnownFileType = sourcecode.swift; path = AppDelegate.swift; sourceTree = "<group>"; };
		F990A86C286F664500159819 /* Assets.xcassets */ = {isa = PBXFileReference; lastKnownFileType = folder.assetcatalog; path = Assets.xcassets; sourceTree = "<group>"; };
		F990A871286F664500159819 /* App.entitlements */ = {isa = PBXFileReference; lastKnownFileType = text.plist.entitlements; path = App.entitlements; sourceTree = "<group>"; };
		F990A87B286F666500159819 /* com.newchromantics.PopKinectWebcam.cameraextension.systemextension */ = {isa = PBXFileReference; explicitFileType = "wrapper.system-extension"; includeInIndex = 0; path = com.newchromantics.PopKinectWebcam.cameraextension.systemextension; sourceTree = BUILT_PRODUCTS_DIR; };
		F990A87D286F666500159819 /* KinectCameraProviderSource.swift */ = {isa = PBXFileReference; lastKnownFileType = sourcecode.swift; path = KinectCameraProviderSource.swift; sourceTree = "<group>"; };
		F990A87F286F666500159819 /* main.swift */ = {isa = PBXFileReference; lastKnownFileType = sourcecode.swift; path = main.swift; sourceTree = "<group>"; };
		F990A881286F666500159819 /* Info.plist */ = {isa = PBXFileReference; lastKnownFileType = text.plist.xml; path = Info.plist; sourceTree = "<group>"; };
		F990A882286F666500159819 /* Extension.entitlements */ = {isa = PBXFileReference; lastKnownFileType = text.plist.entitlements; path = Extension.entitlements; sourceTree = "<group>"; };
/* End PBXFileReference section */

/* Begin PBXFrameworksBuildPhase section */
		F990A862286F663F00159819 /* Frameworks */ = {
			isa = PBXFrameworksBuildPhase;
			buildActionMask = 2147483647;
			files = (
				BFDA39AA2CC57F58003C8172 /* PopCameraDevice in Frameworks */,
			);
			runOnlyForDeploymentPostprocessing = 0;
		};
		F990A878286F666500159819 /* Frameworks */ = {
			isa = PBXFrameworksBuildPhase;
			buildActionMask = 2147483647;
			files = (
				BFDA39AC2CC5A088003C8172 /* PopCameraDevice in Frameworks */,
			);
			runOnlyForDeploymentPostprocessing = 0;
		};
/* End PBXFrameworksBuildPhase section */

/* Begin PBXGroup section */
		BF76117E2CBBF71300EB4BE1 /* Frameworks */ = {
			isa = PBXGroup;
			children = (
			);
			name = Frameworks;
			sourceTree = "<group>";
		};
		BF7611902CBD235000EB4BE1 /* WebTest */ = {
			isa = PBXGroup;
			children = (
				BF76118F2CBD235000EB4BE1 /* index.html */,
			);
			path = WebTest;
			sourceTree = "<group>";
		};
		BF7CEF7A2CB6C66A00A20F77 /* Common */ = {
			isa = PBXGroup;
			children = (
				BF7CEF7D2CB6CB9D00A20F77 /* RuntimeError.swift */,
				BF7CEF7B2CB6C72B00A20F77 /* App.xcconfig */,
				BF7CEF7C2CB6C72B00A20F77 /* CameraExtension.xcconfig */,
				BF7CEF792CB6C66A00A20F77 /* Version.xcconfig */,
			);
			path = Common;
			sourceTree = "<group>";
		};
		F990A85C286F663F00159819 = {
			isa = PBXGroup;
			children = (
				BF7611902CBD235000EB4BE1 /* WebTest */,
				BF7CEF7A2CB6C66A00A20F77 /* Common */,
				F990A87C286F666500159819 /* Extension */,
				F990A866286F663F00159819 /* Products */,
				F990A867286F663F00159819 /* App */,
				BF3311E42CB6A39400D3936A /* Readme.md */,
				BF76117E2CBBF71300EB4BE1 /* Frameworks */,
			);
			sourceTree = "<group>";
		};
		F990A866286F663F00159819 /* Products */ = {
			isa = PBXGroup;
			children = (
				F990A865286F663F00159819 /* PopKinectWebcam.app */,
				F990A87B286F666500159819 /* com.newchromantics.PopKinectWebcam.cameraextension.systemextension */,
			);
			name = Products;
			sourceTree = "<group>";
		};
		F990A867286F663F00159819 /* App */ = {
			isa = PBXGroup;
			children = (
				BF2317F32CD505CD00A94ABA /* SinkStreamPusher.swift */,
				BF7CEF842CB7DB7900A20F77 /* AppView.swift */,
				F990A868286F663F00159819 /* AppDelegate.swift */,
				BF7CEF822CB7DA4C00A20F77 /* ExtensionManager.swift */,
				F990A86C286F664500159819 /* Assets.xcassets */,
				F990A871286F664500159819 /* App.entitlements */,
			);
			path = App;
			sourceTree = "<group>";
		};
		F990A87C286F666500159819 /* Extension */ = {
			isa = PBXGroup;
			children = (
				F990A882286F666500159819 /* Extension.entitlements */,
				BF76118D2CBC0AAB00EB4BE1 /* FrameSource.swift */,
				F990A881286F666500159819 /* Info.plist */,
				F990A87D286F666500159819 /* KinectCameraProviderSource.swift */,
				BF7611912CBD69AD00EB4BE1 /* KinectDevice.swift */,
				BFDA39B02CC5B620003C8172 /* KinectStream.swift */,
				F990A87F286F666500159819 /* main.swift */,
				BFDA39B22CC67666003C8172 /* PopCameraDeviceFrameSource.swift */,
				BF2317EF2CD5014500A94ABA /* SinkDevice.swift */,
				BF2317ED2CD3BC9F00A94ABA /* SinkStream.swift */,
			);
			path = Extension;
			sourceTree = "<group>";
		};
/* End PBXGroup section */

/* Begin PBXNativeTarget section */
		F990A864286F663F00159819 /* PopKinectWebcam */ = {
			isa = PBXNativeTarget;
			buildConfigurationList = F990A874286F664500159819 /* Build configuration list for PBXNativeTarget "PopKinectWebcam" */;
			buildPhases = (
				F990A861286F663F00159819 /* Sources */,
				F990A862286F663F00159819 /* Frameworks */,
				F990A863286F663F00159819 /* Resources */,
				F990A889286F666500159819 /* Embed System Extensions */,
			);
			buildRules = (
			);
			dependencies = (
				F990A884286F666500159819 /* PBXTargetDependency */,
			);
			name = PopKinectWebcam;
			productName = samplecamera;
			productReference = F990A865286F663F00159819 /* PopKinectWebcam.app */;
			productType = "com.apple.product-type.application";
		};
		F990A87A286F666500159819 /* CameraExtension */ = {
			isa = PBXNativeTarget;
			buildConfigurationList = F990A886286F666500159819 /* Build configuration list for PBXNativeTarget "CameraExtension" */;
			buildPhases = (
				F990A877286F666500159819 /* Sources */,
				F990A878286F666500159819 /* Frameworks */,
				F990A879286F666500159819 /* Resources */,
				BF38C5912CBD76850088CDA3 /* Embed Frameworks */,
			);
			buildRules = (
			);
			dependencies = (
			);
			name = CameraExtension;
			productName = cameraextension;
			productReference = F990A87B286F666500159819 /* com.newchromantics.PopKinectWebcam.cameraextension.systemextension */;
			productType = "com.apple.product-type.system-extension";
		};
/* End PBXNativeTarget section */

/* Begin PBXProject section */
		F990A85D286F663F00159819 /* Project object */ = {
			isa = PBXProject;
			attributes = {
				BuildIndependentTargetsInParallel = 1;
				LastSwiftUpdateCheck = 1340;
				LastUpgradeCheck = 1340;
				TargetAttributes = {
					F990A864286F663F00159819 = {
						CreatedOnToolsVersion = 13.4.1;
					};
					F990A87A286F666500159819 = {
						CreatedOnToolsVersion = 13.4.1;
					};
				};
			};
			buildConfigurationList = F990A860286F663F00159819 /* Build configuration list for PBXProject "PopKinectWebcam" */;
			compatibilityVersion = "Xcode 13.0";
			developmentRegion = en;
			hasScannedForEncodings = 0;
			knownRegions = (
				en,
				Base,
			);
			mainGroup = F990A85C286F663F00159819;
			packageReferences = (
				BFDA39A62CC57BF5003C8172 /* XCLocalSwiftPackageReference "../PopCameraDevice.SwiftPackage" */,
			);
			productRefGroup = F990A866286F663F00159819 /* Products */;
			projectDirPath = "";
			projectRoot = "";
			targets = (
				F990A864286F663F00159819 /* PopKinectWebcam */,
				F990A87A286F666500159819 /* CameraExtension */,
			);
		};
/* End PBXProject section */

/* Begin PBXResourcesBuildPhase section */
		F990A863286F663F00159819 /* Resources */ = {
			isa = PBXResourcesBuildPhase;
			buildActionMask = 2147483647;
			files = (
				F990A86D286F664500159819 /* Assets.xcassets in Resources */,
			);
			runOnlyForDeploymentPostprocessing = 0;
		};
		F990A879286F666500159819 /* Resources */ = {
			isa = PBXResourcesBuildPhase;
			buildActionMask = 2147483647;
			files = (
				BFDA39AF2CC5A6CA003C8172 /* Assets.xcassets in Resources */,
			);
			runOnlyForDeploymentPostprocessing = 0;
		};
/* End PBXResourcesBuildPhase section */

/* Begin PBXSourcesBuildPhase section */
		F990A861286F663F00159819 /* Sources */ = {
			isa = PBXSourcesBuildPhase;
			buildActionMask = 2147483647;
			files = (
				BF8474CE2CB7F97400016574 /* RuntimeError.swift in Sources */,
				F990A869286F663F00159819 /* AppDelegate.swift in Sources */,
				BF7CEF832CB7DA4C00A20F77 /* ExtensionManager.swift in Sources */,
				BF7CEF852CB7DB7900A20F77 /* AppView.swift in Sources */,
				BF2317F52CD5579F00A94ABA /* FrameSource.swift in Sources */,
				BF2317F42CD505CD00A94ABA /* SinkStreamPusher.swift in Sources */,
			);
			runOnlyForDeploymentPostprocessing = 0;
		};
		F990A877286F666500159819 /* Sources */ = {
			isa = PBXSourcesBuildPhase;
			buildActionMask = 2147483647;
			files = (
				BFDA39B32CC67666003C8172 /* PopCameraDeviceFrameSource.swift in Sources */,
				BF7611922CBD69AD00EB4BE1 /* KinectDevice.swift in Sources */,
				F990A880286F666500159819 /* main.swift in Sources */,
				F990A87E286F666500159819 /* KinectCameraProviderSource.swift in Sources */,
				BF2317F02CD5014500A94ABA /* SinkDevice.swift in Sources */,
				BF2317EE2CD3BC9F00A94ABA /* SinkStream.swift in Sources */,
				BF76118E2CBC0AAB00EB4BE1 /* FrameSource.swift in Sources */,
				BF7CEF7E2CB6CB9D00A20F77 /* RuntimeError.swift in Sources */,
				BFDA39B12CC5B620003C8172 /* KinectStream.swift in Sources */,
			);
			runOnlyForDeploymentPostprocessing = 0;
		};
/* End PBXSourcesBuildPhase section */

/* Begin PBXTargetDependency section */
		F990A884286F666500159819 /* PBXTargetDependency */ = {
			isa = PBXTargetDependency;
			target = F990A87A286F666500159819 /* CameraExtension */;
			targetProxy = F990A883286F666500159819 /* PBXContainerItemProxy */;
		};
/* End PBXTargetDependency section */

/* Begin XCBuildConfiguration section */
		F990A872286F664500159819 /* Debug */ = {
			isa = XCBuildConfiguration;
			buildSettings = {
				ALWAYS_SEARCH_USER_PATHS = NO;
				CLANG_ANALYZER_NONNULL = YES;
				CLANG_ANALYZER_NUMBER_OBJECT_CONVERSION = YES_AGGRESSIVE;
				CLANG_CXX_LANGUAGE_STANDARD = "gnu++17";
				CLANG_ENABLE_MODULES = YES;
				CLANG_ENABLE_OBJC_ARC = YES;
				CLANG_ENABLE_OBJC_WEAK = YES;
				CLANG_WARN_BLOCK_CAPTURE_AUTORELEASING = YES;
				CLANG_WARN_BOOL_CONVERSION = YES;
				CLANG_WARN_COMMA = YES;
				CLANG_WARN_CONSTANT_CONVERSION = YES;
				CLANG_WARN_DEPRECATED_OBJC_IMPLEMENTATIONS = YES;
				CLANG_WARN_DIRECT_OBJC_ISA_USAGE = YES_ERROR;
				CLANG_WARN_DOCUMENTATION_COMMENTS = YES;
				CLANG_WARN_EMPTY_BODY = YES;
				CLANG_WARN_ENUM_CONVERSION = YES;
				CLANG_WARN_INFINITE_RECURSION = YES;
				CLANG_WARN_INT_CONVERSION = YES;
				CLANG_WARN_NON_LITERAL_NULL_CONVERSION = YES;
				CLANG_WARN_OBJC_IMPLICIT_RETAIN_SELF = YES;
				CLANG_WARN_OBJC_LITERAL_CONVERSION = YES;
				CLANG_WARN_OBJC_ROOT_CLASS = YES_ERROR;
				CLANG_WARN_QUOTED_INCLUDE_IN_FRAMEWORK_HEADER = YES;
				CLANG_WARN_RANGE_LOOP_ANALYSIS = YES;
				CLANG_WARN_STRICT_PROTOTYPES = YES;
				CLANG_WARN_SUSPICIOUS_MOVE = YES;
				CLANG_WARN_UNGUARDED_AVAILABILITY = YES_AGGRESSIVE;
				CLANG_WARN_UNREACHABLE_CODE = YES;
				CLANG_WARN__DUPLICATE_METHOD_MATCH = YES;
				COPY_PHASE_STRIP = NO;
				DEBUG_INFORMATION_FORMAT = dwarf;
				ENABLE_STRICT_OBJC_MSGSEND = YES;
				ENABLE_TESTABILITY = YES;
				GCC_C_LANGUAGE_STANDARD = gnu11;
				GCC_DYNAMIC_NO_PIC = NO;
				GCC_NO_COMMON_BLOCKS = YES;
				GCC_OPTIMIZATION_LEVEL = 0;
				GCC_PREPROCESSOR_DEFINITIONS = (
					"DEBUG=1",
					"$(inherited)",
				);
				GCC_WARN_64_TO_32_BIT_CONVERSION = YES;
				GCC_WARN_ABOUT_RETURN_TYPE = YES_ERROR;
				GCC_WARN_UNDECLARED_SELECTOR = YES;
				GCC_WARN_UNINITIALIZED_AUTOS = YES_AGGRESSIVE;
				GCC_WARN_UNUSED_FUNCTION = YES;
				GCC_WARN_UNUSED_VARIABLE = YES;
				MACOSX_DEPLOYMENT_TARGET = 13.5;
				MTL_ENABLE_DEBUG_INFO = INCLUDE_SOURCE;
				MTL_FAST_MATH = YES;
				ONLY_ACTIVE_ARCH = NO;
				SDKROOT = macosx;
				SWIFT_ACTIVE_COMPILATION_CONDITIONS = DEBUG;
				SWIFT_OPTIMIZATION_LEVEL = "-Onone";
			};
			name = Debug;
		};
		F990A873286F664500159819 /* Release */ = {
			isa = XCBuildConfiguration;
			buildSettings = {
				ALWAYS_SEARCH_USER_PATHS = NO;
				CLANG_ANALYZER_NONNULL = YES;
				CLANG_ANALYZER_NUMBER_OBJECT_CONVERSION = YES_AGGRESSIVE;
				CLANG_CXX_LANGUAGE_STANDARD = "gnu++17";
				CLANG_ENABLE_MODULES = YES;
				CLANG_ENABLE_OBJC_ARC = YES;
				CLANG_ENABLE_OBJC_WEAK = YES;
				CLANG_WARN_BLOCK_CAPTURE_AUTORELEASING = YES;
				CLANG_WARN_BOOL_CONVERSION = YES;
				CLANG_WARN_COMMA = YES;
				CLANG_WARN_CONSTANT_CONVERSION = YES;
				CLANG_WARN_DEPRECATED_OBJC_IMPLEMENTATIONS = YES;
				CLANG_WARN_DIRECT_OBJC_ISA_USAGE = YES_ERROR;
				CLANG_WARN_DOCUMENTATION_COMMENTS = YES;
				CLANG_WARN_EMPTY_BODY = YES;
				CLANG_WARN_ENUM_CONVERSION = YES;
				CLANG_WARN_INFINITE_RECURSION = YES;
				CLANG_WARN_INT_CONVERSION = YES;
				CLANG_WARN_NON_LITERAL_NULL_CONVERSION = YES;
				CLANG_WARN_OBJC_IMPLICIT_RETAIN_SELF = YES;
				CLANG_WARN_OBJC_LITERAL_CONVERSION = YES;
				CLANG_WARN_OBJC_ROOT_CLASS = YES_ERROR;
				CLANG_WARN_QUOTED_INCLUDE_IN_FRAMEWORK_HEADER = YES;
				CLANG_WARN_RANGE_LOOP_ANALYSIS = YES;
				CLANG_WARN_STRICT_PROTOTYPES = YES;
				CLANG_WARN_SUSPICIOUS_MOVE = YES;
				CLANG_WARN_UNGUARDED_AVAILABILITY = YES_AGGRESSIVE;
				CLANG_WARN_UNREACHABLE_CODE = YES;
				CLANG_WARN__DUPLICATE_METHOD_MATCH = YES;
				COPY_PHASE_STRIP = NO;
				DEBUG_INFORMATION_FORMAT = "dwarf-with-dsym";
				ENABLE_NS_ASSERTIONS = NO;
				ENABLE_STRICT_OBJC_MSGSEND = YES;
				GCC_C_LANGUAGE_STANDARD = gnu11;
				GCC_NO_COMMON_BLOCKS = YES;
				GCC_WARN_64_TO_32_BIT_CONVERSION = YES;
				GCC_WARN_ABOUT_RETURN_TYPE = YES_ERROR;
				GCC_WARN_UNDECLARED_SELECTOR = YES;
				GCC_WARN_UNINITIALIZED_AUTOS = YES_AGGRESSIVE;
				GCC_WARN_UNUSED_FUNCTION = YES;
				GCC_WARN_UNUSED_VARIABLE = YES;
				MACOSX_DEPLOYMENT_TARGET = 13.5;
				MTL_ENABLE_DEBUG_INFO = NO;
				MTL_FAST_MATH = YES;
				ONLY_ACTIVE_ARCH = NO;
				SDKROOT = macosx;
				SWIFT_COMPILATION_MODE = wholemodule;
				SWIFT_OPTIMIZATION_LEVEL = "-O";
			};
			name = Release;
		};
		F990A875286F664500159819 /* Debug */ = {
			isa = XCBuildConfiguration;
			baseConfigurationReference = BF7CEF7B2CB6C72B00A20F77 /* App.xcconfig */;
			buildSettings = {
				ALWAYS_EMBED_SWIFT_STANDARD_LIBRARIES = YES;
				ASSETCATALOG_COMPILER_APPICON_NAME = AppIcon;
				ASSETCATALOG_COMPILER_GLOBAL_ACCENT_COLOR_NAME = AccentColor;
				CODE_SIGN_ENTITLEMENTS = App/App.entitlements;
				CODE_SIGN_IDENTITY = "Apple Development";
				CODE_SIGN_STYLE = Automatic;
				COMBINE_HIDPI_IMAGES = YES;
				DEVELOPMENT_TEAM = X52DR36JY2;
				ENABLE_HARDENED_RUNTIME = YES;
				FRAMEWORK_SEARCH_PATHS = (
					"$(inherited)",
					"$(PROJECT_DIR)/App",
				);
				GENERATE_INFOPLIST_FILE = YES;
				INFOPLIST_KEY_NSCameraUsageDescription = "Tunnel a real camera device";
				INFOPLIST_KEY_NSHumanReadableCopyright = "";
				INFOPLIST_KEY_NSMainStoryboardFile = Main;
				INFOPLIST_KEY_NSPrincipalClass = NSApplication;
				INFOPLIST_KEY_NSSystemExtensionUsageDescription = "This app installs a camera extension";
				LD_RUNPATH_SEARCH_PATHS = (
					"$(inherited)",
					"@executable_path/../Frameworks",
				);
				PRODUCT_BUNDLE_IDENTIFIER = com.newchromantics.PopKinectWebcam;
				PRODUCT_NAME = "$(TARGET_NAME)";
				PROVISIONING_PROFILE_SPECIFIER = "";
				SWIFT_EMIT_LOC_STRINGS = YES;
				SWIFT_VERSION = 5.0;
			};
			name = Debug;
		};
		F990A876286F664500159819 /* Release */ = {
			isa = XCBuildConfiguration;
			baseConfigurationReference = BF7CEF7B2CB6C72B00A20F77 /* App.xcconfig */;
			buildSettings = {
				ALWAYS_EMBED_SWIFT_STANDARD_LIBRARIES = YES;
				ASSETCATALOG_COMPILER_APPICON_NAME = AppIcon;
				ASSETCATALOG_COMPILER_GLOBAL_ACCENT_COLOR_NAME = AccentColor;
				CODE_SIGN_ENTITLEMENTS = App/App.entitlements;
				CODE_SIGN_IDENTITY = "Apple Development";
				CODE_SIGN_STYLE = Automatic;
				COMBINE_HIDPI_IMAGES = YES;
				DEVELOPMENT_TEAM = X52DR36JY2;
				ENABLE_HARDENED_RUNTIME = YES;
				FRAMEWORK_SEARCH_PATHS = (
					"$(inherited)",
					"$(PROJECT_DIR)/App",
				);
				GENERATE_INFOPLIST_FILE = YES;
				INFOPLIST_KEY_NSCameraUsageDescription = "Tunnel a real camera device";
				INFOPLIST_KEY_NSHumanReadableCopyright = "";
				INFOPLIST_KEY_NSMainStoryboardFile = Main;
				INFOPLIST_KEY_NSPrincipalClass = NSApplication;
				INFOPLIST_KEY_NSSystemExtensionUsageDescription = "This app installs a camera extension";
				LD_RUNPATH_SEARCH_PATHS = (
					"$(inherited)",
					"@executable_path/../Frameworks",
				);
				PRODUCT_BUNDLE_IDENTIFIER = com.newchromantics.PopKinectWebcam;
				PRODUCT_NAME = "$(TARGET_NAME)";
				PROVISIONING_PROFILE_SPECIFIER = "";
				SWIFT_EMIT_LOC_STRINGS = YES;
				SWIFT_VERSION = 5.0;
			};
			name = Release;
		};
		F990A887286F666500159819 /* Debug */ = {
			isa = XCBuildConfiguration;
			baseConfigurationReference = BF7CEF7C2CB6C72B00A20F77 /* CameraExtension.xcconfig */;
			buildSettings = {
				CODE_SIGN_ENTITLEMENTS = Extension/Extension.entitlements;
				CODE_SIGN_IDENTITY = "Apple Development";
				"CODE_SIGN_IDENTITY[sdk=macosx*]" = "Apple Development";
				CODE_SIGN_STYLE = Automatic;
				DEVELOPMENT_TEAM = X52DR36JY2;
				ENABLE_HARDENED_RUNTIME = YES;
				FRAMEWORK_SEARCH_PATHS = (
					"$(inherited)",
					"$(PROJECT_DIR)/App",
					"$(PROJECT_DIR)/PopCameraDevice.SwiftPackage",
				);
				GENERATE_INFOPLIST_FILE = YES;
				INFOPLIST_FILE = Extension/Info.plist;
				INFOPLIST_KEY_CFBundleDisplayName = "PopCameraShader Camera Extension";
				INFOPLIST_KEY_NSSystemExtensionUsageDescription = "System extension in plist";
				LD_RUNPATH_SEARCH_PATHS = (
					"$(inherited)",
					"@executable_path/../Frameworks",
					"@executable_path/../../../../Frameworks",
				);
				PRODUCT_BUNDLE_IDENTIFIER = com.newchromantics.PopKinectWebcam.cameraextension;
				PRODUCT_NAME = com.newchromantics.PopKinectWebcam.cameraextension;
				PROVISIONING_PROFILE_SPECIFIER = "";
				SKIP_INSTALL = YES;
				SWIFT_EMIT_LOC_STRINGS = YES;
				SWIFT_VERSION = 5.0;
			};
			name = Debug;
		};
		F990A888286F666500159819 /* Release */ = {
			isa = XCBuildConfiguration;
			baseConfigurationReference = BF7CEF7C2CB6C72B00A20F77 /* CameraExtension.xcconfig */;
			buildSettings = {
				CODE_SIGN_ENTITLEMENTS = Extension/Extension.entitlements;
				CODE_SIGN_IDENTITY = "Apple Development";
				"CODE_SIGN_IDENTITY[sdk=macosx*]" = "Apple Development";
				CODE_SIGN_STYLE = Automatic;
				DEVELOPMENT_TEAM = X52DR36JY2;
				ENABLE_HARDENED_RUNTIME = YES;
				FRAMEWORK_SEARCH_PATHS = (
					"$(inherited)",
					"$(PROJECT_DIR)/App",
					"$(PROJECT_DIR)/PopCameraDevice.SwiftPackage",
				);
				GENERATE_INFOPLIST_FILE = YES;
				INFOPLIST_FILE = Extension/Info.plist;
				INFOPLIST_KEY_CFBundleDisplayName = "PopCameraShader Camera Extension";
				INFOPLIST_KEY_NSSystemExtensionUsageDescription = "System extension in plist";
				LD_RUNPATH_SEARCH_PATHS = (
					"$(inherited)",
					"@executable_path/../Frameworks",
					"@executable_path/../../../../Frameworks",
				);
				PRODUCT_BUNDLE_IDENTIFIER = com.newchromantics.PopKinectWebcam.cameraextension;
				PRODUCT_NAME = com.newchromantics.PopKinectWebcam.cameraextension;
				PROVISIONING_PROFILE_SPECIFIER = "";
				SKIP_INSTALL = YES;
				SWIFT_EMIT_LOC_STRINGS = YES;
				SWIFT_VERSION = 5.0;
			};
			name = Release;
		};
/* End XCBuildConfiguration section */

/* Begin XCConfigurationList section */
		F990A860286F663F00159819 /* Build configuration list for PBXProject "PopKinectWebcam" */ = {
			isa = XCConfigurationList;
			buildConfigurations = (
				F990A872286F664500159819 /* Debug */,
				F990A873286F664500159819 /* Release */,
			);
			defaultConfigurationIsVisible = 0;
			defaultConfigurationName = Release;
		};
		F990A874286F664500159819 /* Build configuration list for PBXNativeTarget "PopKinectWebcam" */ = {
			isa = XCConfigurationList;
			buildConfigurations = (
				F990A875286F664500159819 /* Debug */,
				F990A876286F664500159819 /* Release */,
			);
			defaultConfigurationIsVisible = 0;
			defaultConfigurationName = Release;
		};
		F990A886286F666500159819 /* Build configuration list for PBXNativeTarget "CameraExtension" */ = {
			isa = XCConfigurationList;
			buildConfigurations = (
				F990A887286F666500159819 /* Debug */,
				F990A888286F666500159819 /* Release */,
			);
			defaultConfigurationIsVisible = 0;
			defaultConfigurationName = Release;
		};
/* End XCConfigurationList section */

/* Begin XCLocalSwiftPackageReference section */
		BFDA39A62CC57BF5003C8172 /* XCLocalSwiftPackageReference "../PopCameraDevice.SwiftPackage" */ = {
			isa = XCLocalSwiftPackageReference;
			relativePath = ../PopCameraDevice.SwiftPackage;
		};
/* End XCLocalSwiftPackageReference section */

/* Begin XCSwiftPackageProductDependency section */
		BFDA39A92CC57F58003C8172 /* PopCameraDevice */ = {
			isa = XCSwiftPackageProductDependency;
			package = BFDA39A62CC57BF5003C8172 /* XCLocalSwiftPackageReference "../PopCameraDevice.SwiftPackage" */;
			productName = PopCameraDevice;
		};
		BFDA39AB2CC5A088003C8172 /* PopCameraDevice */ = {
			isa = XCSwiftPackageProductDependency;
			package = BFDA39A62CC57BF5003C8172 /* XCLocalSwiftPackageReference "../PopCameraDevice.SwiftPackage" */;
			productName = PopCameraDevice;
		};
/* End XCSwiftPackageProductDependency section */
	};
	rootObject = F990A85D286F663F00159819 /* Project object */;
}
